
Microsoft Visual Studio Solution File, Format Version 12.00
# Visual Studio Version 17
VisualStudioVersion = 17.14.36121.58 d17.14
MinimumVisualStudioVersion = 10.0.40219.1
Project("{FAE04EC0-301F-11D3-BF4B-00C04F79EFBC}") = "Calculator", "Calculator\Calculator.csproj", "{EEAA77F6-1442-4ACF-9CDA-5F310C67BAC1}"
EndProject
Project("{FAE04EC0-301F-11D3-BF4B-00C04F79EFBC}") = "ToDoList", "ToDoList\ToDoList.csproj", "{CBE479FF-ABB4-497D-BADC-2C6467C22221}"
EndProject
Project("{FAE04EC0-301F-11D3-BF4B-00C04F79EFBC}") = "ConvertPointsToGrade", "ConvertPointsToGrade\ConvertPointsToGrade.csproj", "{59FFB8E3-4FA8-4082-95B6-169FDA68E6C0}"
EndProject
Project("{FAE04EC0-301F-11D3-BF4B-00C04F79EFBC}") = "DescribeDay", "DescribeDay\DescribeDay.csproj", "{1F1E08EA-8D3A-44BF-B87F-D04EEA8C66E9}"
EndProject
Project("{FAE04EC0-301F-11D3-BF4B-00C04F79EFBC}") = "CalculateSumOfNumbersBetweenEx", "CalculateSumOfNumbersBetweenEx\CalculateSumOfNumbersBetweenEx.csproj", "{3625BD32-0A24-4EB7-A259-2337346A588A}"
EndProject
Global
	GlobalSection(SolutionConfigurationPlatforms) = preSolution
		Debug|Any CPU = Debug|Any CPU
		Release|Any CPU = Release|Any CPU
	EndGlobalSection
	GlobalSection(ProjectConfigurationPlatforms) = postSolution
		{EEAA77F6-1442-4ACF-9CDA-5F310C67BAC1}.Debug|Any CPU.ActiveCfg = Debug|Any CPU
		{EEAA77F6-1442-4ACF-9CDA-5F310C67BAC1}.Debug|Any CPU.Build.0 = Debug|Any CPU
		{EEAA77F6-1442-4ACF-9CDA-5F310C67BAC1}.Release|Any CPU.ActiveCfg = Release|Any CPU
		{EEAA77F6-1442-4ACF-9CDA-5F310C67BAC1}.Release|Any CPU.Build.0 = Release|Any CPU
		{CBE479FF-ABB4-497D-BADC-2C6467C22221}.Debug|Any CPU.ActiveCfg = Debug|Any CPU
		{CBE479FF-ABB4-497D-BADC-2C6467C22221}.Debug|Any CPU.Build.0 = Debug|Any CPU
		{CBE479FF-ABB4-497D-BADC-2C6467C22221}.Release|Any CPU.ActiveCfg = Release|Any CPU
		{CBE479FF-ABB4-497D-BADC-2C6467C22221}.Release|Any CPU.Build.0 = Release|Any CPU
		{59FFB8E3-4FA8-4082-95B6-169FDA68E6C0}.Debug|Any CPU.ActiveCfg = Debug|Any CPU
		{59FFB8E3-4FA8-4082-95B6-169FDA68E6C0}.Debug|Any CPU.Build.0 = Debug|Any CPU
		{59FFB8E3-4FA8-4082-95B6-169FDA68E6C0}.Release|Any CPU.ActiveCfg = Release|Any CPU
		{59FFB8E3-4FA8-4082-95B6-169FDA68E6C0}.Release|Any CPU.Build.0 = Release|Any CPU
		{1F1E08EA-8D3A-44BF-B87F-D04EEA8C66E9}.Debug|Any CPU.ActiveCfg = Debug|Any CPU
		{1F1E08EA-8D3A-44BF-B87F-D04EEA8C66E9}.Debug|Any CPU.Build.0 = Debug|Any CPU
		{1F1E08EA-8D3A-44BF-B87F-D04EEA8C66E9}.Release|Any CPU.ActiveCfg = Release|Any CPU
		{1F1E08EA-8D3A-44BF-B87F-D04EEA8C66E9}.Release|Any CPU.Build.0 = Release|Any CPU
		{3625BD32-0A24-4EB7-A259-2337346A588A}.Debug|Any CPU.ActiveCfg = Debug|Any CPU
		{3625BD32-0A24-4EB7-A259-2337346A588A}.Debug|Any CPU.Build.0 = Debug|Any CPU
		{3625BD32-0A24-4EB7-A259-2337346A588A}.Release|Any CPU.ActiveCfg = Release|Any CPU
		{3625BD32-0A24-4EB7-A259-2337346A588A}.Release|Any CPU.Build.0 = Release|Any CPU
	EndGlobalSection
	GlobalSection(SolutionProperties) = preSolution
		HideSolutionNode = FALSE
	EndGlobalSection
	GlobalSection(ExtensibilityGlobals) = postSolution
		SolutionGuid = {EFCC01CB-1F85-4015-A812-4B8E3AD4439A}
	EndGlobalSection
EndGlobal
